
Microsoft Visual Studio Solution File, Format Version 12.00
# Visual Studio Version 17
VisualStudioVersion = 17.14.36221.1 d17.14
MinimumVisualStudioVersion = 10.0.40219.1
Project("{8BC9CEB8-8B4A-11D0-8D11-00A0C91BC942}") = "OpenGLStart", "OpenGLStart.vcxproj", "{825FF2BA-A158-4F49-9BCE-0B02CF16507E}"
EndProject
Global
	GlobalSection(SolutionConfigurationPlatforms) = preSolution
		Debug|x64 = Debug|x64
		Debug|x86 = Debug|x86
		Release|x64 = Release|x64
		Release|x86 = Release|x86
	EndGlobalSection
	GlobalSection(ProjectConfigurationPlatforms) = postSolution
		{825FF2BA-A158-4F49-9BCE-0B02CF16507E}.Debug|x64.ActiveCfg = Debug|x64
		{825FF2BA-A158-4F49-9BCE-0B02CF16507E}.Debug|x64.Build.0 = Debug|x64
		{825FF2BA-A158-4F49-9BCE-0B02CF16507E}.Debug|x86.ActiveCfg = Debug|Win32
		{825FF2BA-A158-4F49-9BCE-0B02CF16507E}.Debug|x86.Build.0 = Debug|Win32
		{825FF2BA-A158-4F49-9BCE-0B02CF16507E}.Release|x64.ActiveCfg = Release|x64
		{825FF2BA-A158-4F49-9BCE-0B02CF16507E}.Release|x64.Build.0 = Release|x64
		{825FF2BA-A158-4F49-9BCE-0B02CF16507E}.Release|x86.ActiveCfg = Release|Win32
		{825FF2BA-A158-4F49-9BCE-0B02CF16507E}.Release|x86.Build.0 = Release|Win32
	EndGlobalSection
	GlobalSection(SolutionProperties) = preSolution
		HideSolutionNode = FALSE
	EndGlobalSection
	GlobalSection(ExtensibilityGlobals) = postSolution
		SolutionGuid = {0D292B8E-741F-47FF-8E69-4B2ECB4E087A}
	EndGlobalSection
EndGlobal
